
Microsoft Visual Studio Solution File, Format Version 12.00
Project("{2150E333-8FDC-42A3-9474-1A3956D46DE8}") = "HomeWork2", "HomeWork2", "{1580DEA2-343F-4EAA-B7C5-40BE05D01B62}"
EndProject
Project("{FAE04EC0-301F-11D3-BF4B-00C04F79EFBC}") = "ConsoleApp", "HomeWork2\ConsoleApp\ConsoleApp.csproj", "{59420AAC-6ECA-4F55-9757-6E6EC203FFF6}"
EndProject
Project("{FAE04EC0-301F-11D3-BF4B-00C04F79EFBC}") = "Hw2Tests", "HomeWork2\Hw2Tests\Hw2Tests.csproj", "{5A8DDAB3-2C9F-4D38-AFC5-DEA9AA875FED}"
EndProject
Project("{FAE04EC0-301F-11D3-BF4B-00C04F79EFBC}") = "IlClasses", "HomeWork2\IlClasses\IlClasses.ilproj", "{3D9C4517-B0D9-4B2B-B29C-899B06E0F6F7}"
EndProject
Global
	GlobalSection(SolutionConfigurationPlatforms) = preSolution
		Debug|Any CPU = Debug|Any CPU
		Release|Any CPU = Release|Any CPU
	EndGlobalSection
	GlobalSection(ProjectConfigurationPlatforms) = postSolution
		{59420AAC-6ECA-4F55-9757-6E6EC203FFF6}.Debug|Any CPU.ActiveCfg = Debug|Any CPU
		{59420AAC-6ECA-4F55-9757-6E6EC203FFF6}.Debug|Any CPU.Build.0 = Debug|Any CPU
		{59420AAC-6ECA-4F55-9757-6E6EC203FFF6}.Release|Any CPU.ActiveCfg = Release|Any CPU
		{59420AAC-6ECA-4F55-9757-6E6EC203FFF6}.Release|Any CPU.Build.0 = Release|Any CPU
		{5A8DDAB3-2C9F-4D38-AFC5-DEA9AA875FED}.Debug|Any CPU.ActiveCfg = Debug|Any CPU
		{5A8DDAB3-2C9F-4D38-AFC5-DEA9AA875FED}.Debug|Any CPU.Build.0 = Debug|Any CPU
		{5A8DDAB3-2C9F-4D38-AFC5-DEA9AA875FED}.Release|Any CPU.ActiveCfg = Release|Any CPU
		{5A8DDAB3-2C9F-4D38-AFC5-DEA9AA875FED}.Release|Any CPU.Build.0 = Release|Any CPU
		{3D9C4517-B0D9-4B2B-B29C-899B06E0F6F7}.Debug|Any CPU.ActiveCfg = Debug|Any CPU
		{3D9C4517-B0D9-4B2B-B29C-899B06E0F6F7}.Debug|Any CPU.Build.0 = Debug|Any CPU
		{3D9C4517-B0D9-4B2B-B29C-899B06E0F6F7}.Release|Any CPU.ActiveCfg = Release|Any CPU
		{3D9C4517-B0D9-4B2B-B29C-899B06E0F6F7}.Release|Any CPU.Build.0 = Release|Any CPU
	EndGlobalSection
	GlobalSection(NestedProjects) = preSolution
		{59420AAC-6ECA-4F55-9757-6E6EC203FFF6} = {1580DEA2-343F-4EAA-B7C5-40BE05D01B62}
		{5A8DDAB3-2C9F-4D38-AFC5-DEA9AA875FED} = {1580DEA2-343F-4EAA-B7C5-40BE05D01B62}
		{3D9C4517-B0D9-4B2B-B29C-899B06E0F6F7} = {1580DEA2-343F-4EAA-B7C5-40BE05D01B62}
	EndGlobalSection
EndGlobal
